
Microsoft Visual Studio Solution File, Format Version 12.00
# Visual Studio 15
VisualStudioVersion = 15.0.27428.2027
MinimumVisualStudioVersion = 10.0.40219.1
Project("{FAE04EC0-301F-11D3-BF4B-00C04F79EFBC}") = "LazyLoading", "LazyLoading\LazyLoading.csproj", "{6FBA123B-185F-479A-B152-1BA6E54BEAD2}"
EndProject
Global
	GlobalSection(SolutionConfigurationPlatforms) = preSolution
		Debug|Any CPU = Debug|Any CPU
		Release|Any CPU = Release|Any CPU
	EndGlobalSection
	GlobalSection(ProjectConfigurationPlatforms) = postSolution
		{6FBA123B-185F-479A-B152-1BA6E54BEAD2}.Debug|Any CPU.ActiveCfg = Debug|Any CPU
		{6FBA123B-185F-479A-B152-1BA6E54BEAD2}.Debug|Any CPU.Build.0 = Debug|Any CPU
		{6FBA123B-185F-479A-B152-1BA6E54BEAD2}.Debug|Any CPU.Deploy.0 = Debug|Any CPU
		{6FBA123B-185F-479A-B152-1BA6E54BEAD2}.Release|Any CPU.ActiveCfg = Release|Any CPU
		{6FBA123B-185F-479A-B152-1BA6E54BEAD2}.Release|Any CPU.Build.0 = Release|Any CPU
		{6FBA123B-185F-479A-B152-1BA6E54BEAD2}.Release|Any CPU.Deploy.0 = Release|Any CPU
	EndGlobalSection
	GlobalSection(SolutionProperties) = preSolution
		HideSolutionNode = FALSE
	EndGlobalSection
	GlobalSection(ExtensibilityGlobals) = postSolution
		SolutionGuid = {46FE237D-D30D-4B16-9B33-039F35267803}
	EndGlobalSection
EndGlobal
